
Microsoft Visual Studio Solution File, Format Version 12.00
# Visual Studio Version 17
VisualStudioVersion = 17.4.33213.308
MinimumVisualStudioVersion = 10.0.40219.1
Project("{FAE04EC0-301F-11D3-BF4B-00C04F79EFBC}") = "FirestoreConsoleApp", "FirestoreConsoleApp\FirestoreConsoleApp.csproj", "{83C942AD-406B-4714-AD8C-482DC9A4860B}"
EndProject
Global
	GlobalSection(SolutionConfigurationPlatforms) = preSolution
		Debug|Any CPU = Debug|Any CPU
		Release|Any CPU = Release|Any CPU
	EndGlobalSection
	GlobalSection(ProjectConfigurationPlatforms) = postSolution
		{83C942AD-406B-4714-AD8C-482DC9A4860B}.Debug|Any CPU.ActiveCfg = Debug|Any CPU
		{83C942AD-406B-4714-AD8C-482DC9A4860B}.Debug|Any CPU.Build.0 = Debug|Any CPU
		{83C942AD-406B-4714-AD8C-482DC9A4860B}.Release|Any CPU.ActiveCfg = Release|Any CPU
		{83C942AD-406B-4714-AD8C-482DC9A4860B}.Release|Any CPU.Build.0 = Release|Any CPU
	EndGlobalSection
	GlobalSection(SolutionProperties) = preSolution
		HideSolutionNode = FALSE
	EndGlobalSection
	GlobalSection(ExtensibilityGlobals) = postSolution
		SolutionGuid = {C1883272-363E-452C-9F12-F740469FA3B9}
	EndGlobalSection
EndGlobal
